
Microsoft Visual Studio Solution File, Format Version 12.00
# Visual Studio Version 17
VisualStudioVersion = 17.0.31903.59
MinimumVisualStudioVersion = 10.0.40219.1
Project("{2150E333-8FDC-42A3-9474-1A3956D46DE8}") = "src", "src", "{827E0CD3-B72D-47B6-A68D-7590B98EB39B}"
EndProject
Project("{FAE04EC0-301F-11D3-BF4B-00C04F79EFBC}") = "Ts.Api.Api", "src\Ts.Api.Api\Ts.Api.Api.csproj", "{CF52B660-F4C8-4FC5-AE18-1C9A39495290}"
EndProject
Project("{FAE04EC0-301F-11D3-BF4B-00C04F79EFBC}") = "Ts.Api.Domain", "src\Ts.Api.Domain\Ts.Api.Domain.csproj", "{6518EE43-FC5A-46B8-A0F9-E3A32C0DE0D1}"
EndProject
Project("{FAE04EC0-301F-11D3-BF4B-00C04F79EFBC}") = "Ts.Api.Application", "src\Ts.Api.Application\Ts.Api.Application.csproj", "{CF8C6FC6-78D8-4480-8B5D-A0DB2B551350}"
EndProject
Project("{FAE04EC0-301F-11D3-BF4B-00C04F79EFBC}") = "Ts.Api.Infrastructure", "src\Ts.Api.Infrastructure\Ts.Api.Infrastructure.csproj", "{D9CAEE91-97ED-4A8E-82A0-B6BE01B33D20}"
EndProject
Project("{2150E333-8FDC-42A3-9474-1A3956D46DE8}") = "tests", "tests", "{0AB3BF05-4346-4AA6-1389-037BE0695223}"
EndProject
Project("{FAE04EC0-301F-11D3-BF4B-00C04F79EFBC}") = "Ts.Api.Domain.Tests", "tests\Ts.Api.Domain.Tests\Ts.Api.Domain.Tests.csproj", "{9A61AA31-C513-43C2-AA50-16849A17798E}"
EndProject
Global
	GlobalSection(SolutionConfigurationPlatforms) = preSolution
		Debug|Any CPU = Debug|Any CPU
		Debug|x64 = Debug|x64
		Debug|x86 = Debug|x86
		Release|Any CPU = Release|Any CPU
		Release|x64 = Release|x64
		Release|x86 = Release|x86
	EndGlobalSection
	GlobalSection(ProjectConfigurationPlatforms) = postSolution
		{CF52B660-F4C8-4FC5-AE18-1C9A39495290}.Debug|Any CPU.ActiveCfg = Debug|Any CPU
		{CF52B660-F4C8-4FC5-AE18-1C9A39495290}.Debug|Any CPU.Build.0 = Debug|Any CPU
		{CF52B660-F4C8-4FC5-AE18-1C9A39495290}.Debug|x64.ActiveCfg = Debug|Any CPU
		{CF52B660-F4C8-4FC5-AE18-1C9A39495290}.Debug|x64.Build.0 = Debug|Any CPU
		{CF52B660-F4C8-4FC5-AE18-1C9A39495290}.Debug|x86.ActiveCfg = Debug|Any CPU
		{CF52B660-F4C8-4FC5-AE18-1C9A39495290}.Debug|x86.Build.0 = Debug|Any CPU
		{CF52B660-F4C8-4FC5-AE18-1C9A39495290}.Release|Any CPU.ActiveCfg = Release|Any CPU
		{CF52B660-F4C8-4FC5-AE18-1C9A39495290}.Release|Any CPU.Build.0 = Release|Any CPU
		{CF52B660-F4C8-4FC5-AE18-1C9A39495290}.Release|x64.ActiveCfg = Release|Any CPU
		{CF52B660-F4C8-4FC5-AE18-1C9A39495290}.Release|x64.Build.0 = Release|Any CPU
		{CF52B660-F4C8-4FC5-AE18-1C9A39495290}.Release|x86.ActiveCfg = Release|Any CPU
		{CF52B660-F4C8-4FC5-AE18-1C9A39495290}.Release|x86.Build.0 = Release|Any CPU
		{6518EE43-FC5A-46B8-A0F9-E3A32C0DE0D1}.Debug|Any CPU.ActiveCfg = Debug|Any CPU
		{6518EE43-FC5A-46B8-A0F9-E3A32C0DE0D1}.Debug|Any CPU.Build.0 = Debug|Any CPU
		{6518EE43-FC5A-46B8-A0F9-E3A32C0DE0D1}.Debug|x64.ActiveCfg = Debug|Any CPU
		{6518EE43-FC5A-46B8-A0F9-E3A32C0DE0D1}.Debug|x64.Build.0 = Debug|Any CPU
		{6518EE43-FC5A-46B8-A0F9-E3A32C0DE0D1}.Debug|x86.ActiveCfg = Debug|Any CPU
		{6518EE43-FC5A-46B8-A0F9-E3A32C0DE0D1}.Debug|x86.Build.0 = Debug|Any CPU
		{6518EE43-FC5A-46B8-A0F9-E3A32C0DE0D1}.Release|Any CPU.ActiveCfg = Release|Any CPU
		{6518EE43-FC5A-46B8-A0F9-E3A32C0DE0D1}.Release|Any CPU.Build.0 = Release|Any CPU
		{6518EE43-FC5A-46B8-A0F9-E3A32C0DE0D1}.Release|x64.ActiveCfg = Release|Any CPU
		{6518EE43-FC5A-46B8-A0F9-E3A32C0DE0D1}.Release|x64.Build.0 = Release|Any CPU
		{6518EE43-FC5A-46B8-A0F9-E3A32C0DE0D1}.Release|x86.ActiveCfg = Release|Any CPU
		{6518EE43-FC5A-46B8-A0F9-E3A32C0DE0D1}.Release|x86.Build.0 = Release|Any CPU
		{CF8C6FC6-78D8-4480-8B5D-A0DB2B551350}.Debug|Any CPU.ActiveCfg = Debug|Any CPU
		{CF8C6FC6-78D8-4480-8B5D-A0DB2B551350}.Debug|Any CPU.Build.0 = Debug|Any CPU
		{CF8C6FC6-78D8-4480-8B5D-A0DB2B551350}.Debug|x64.ActiveCfg = Debug|Any CPU
		{CF8C6FC6-78D8-4480-8B5D-A0DB2B551350}.Debug|x64.Build.0 = Debug|Any CPU
		{CF8C6FC6-78D8-4480-8B5D-A0DB2B551350}.Debug|x86.ActiveCfg = Debug|Any CPU
		{CF8C6FC6-78D8-4480-8B5D-A0DB2B551350}.Debug|x86.Build.0 = Debug|Any CPU
		{CF8C6FC6-78D8-4480-8B5D-A0DB2B551350}.Release|Any CPU.ActiveCfg = Release|Any CPU
		{CF8C6FC6-78D8-4480-8B5D-A0DB2B551350}.Release|Any CPU.Build.0 = Release|Any CPU
		{CF8C6FC6-78D8-4480-8B5D-A0DB2B551350}.Release|x64.ActiveCfg = Release|Any CPU
		{CF8C6FC6-78D8-4480-8B5D-A0DB2B551350}.Release|x64.Build.0 = Release|Any CPU
		{CF8C6FC6-78D8-4480-8B5D-A0DB2B551350}.Release|x86.ActiveCfg = Release|Any CPU
		{CF8C6FC6-78D8-4480-8B5D-A0DB2B551350}.Release|x86.Build.0 = Release|Any CPU
		{D9CAEE91-97ED-4A8E-82A0-B6BE01B33D20}.Debug|Any CPU.ActiveCfg = Debug|Any CPU
		{D9CAEE91-97ED-4A8E-82A0-B6BE01B33D20}.Debug|Any CPU.Build.0 = Debug|Any CPU
		{D9CAEE91-97ED-4A8E-82A0-B6BE01B33D20}.Debug|x64.ActiveCfg = Debug|Any CPU
		{D9CAEE91-97ED-4A8E-82A0-B6BE01B33D20}.Debug|x64.Build.0 = Debug|Any CPU
		{D9CAEE91-97ED-4A8E-82A0-B6BE01B33D20}.Debug|x86.ActiveCfg = Debug|Any CPU
		{D9CAEE91-97ED-4A8E-82A0-B6BE01B33D20}.Debug|x86.Build.0 = Debug|Any CPU
		{D9CAEE91-97ED-4A8E-82A0-B6BE01B33D20}.Release|Any CPU.ActiveCfg = Release|Any CPU
		{D9CAEE91-97ED-4A8E-82A0-B6BE01B33D20}.Release|Any CPU.Build.0 = Release|Any CPU
		{D9CAEE91-97ED-4A8E-82A0-B6BE01B33D20}.Release|x64.ActiveCfg = Release|Any CPU
		{D9CAEE91-97ED-4A8E-82A0-B6BE01B33D20}.Release|x64.Build.0 = Release|Any CPU
		{D9CAEE91-97ED-4A8E-82A0-B6BE01B33D20}.Release|x86.ActiveCfg = Release|Any CPU
		{D9CAEE91-97ED-4A8E-82A0-B6BE01B33D20}.Release|x86.Build.0 = Release|Any CPU
		{9A61AA31-C513-43C2-AA50-16849A17798E}.Debug|Any CPU.ActiveCfg = Debug|Any CPU
		{9A61AA31-C513-43C2-AA50-16849A17798E}.Debug|Any CPU.Build.0 = Debug|Any CPU
		{9A61AA31-C513-43C2-AA50-16849A17798E}.Debug|x64.ActiveCfg = Debug|Any CPU
		{9A61AA31-C513-43C2-AA50-16849A17798E}.Debug|x64.Build.0 = Debug|Any CPU
		{9A61AA31-C513-43C2-AA50-16849A17798E}.Debug|x86.ActiveCfg = Debug|Any CPU
		{9A61AA31-C513-43C2-AA50-16849A17798E}.Debug|x86.Build.0 = Debug|Any CPU
		{9A61AA31-C513-43C2-AA50-16849A17798E}.Release|Any CPU.ActiveCfg = Release|Any CPU
		{9A61AA31-C513-43C2-AA50-16849A17798E}.Release|Any CPU.Build.0 = Release|Any CPU
		{9A61AA31-C513-43C2-AA50-16849A17798E}.Release|x64.ActiveCfg = Release|Any CPU
		{9A61AA31-C513-43C2-AA50-16849A17798E}.Release|x64.Build.0 = Release|Any CPU
		{9A61AA31-C513-43C2-AA50-16849A17798E}.Release|x86.ActiveCfg = Release|Any CPU
		{9A61AA31-C513-43C2-AA50-16849A17798E}.Release|x86.Build.0 = Release|Any CPU
	EndGlobalSection
	GlobalSection(SolutionProperties) = preSolution
		HideSolutionNode = FALSE
	EndGlobalSection
	GlobalSection(NestedProjects) = preSolution
		{CF52B660-F4C8-4FC5-AE18-1C9A39495290} = {827E0CD3-B72D-47B6-A68D-7590B98EB39B}
		{6518EE43-FC5A-46B8-A0F9-E3A32C0DE0D1} = {827E0CD3-B72D-47B6-A68D-7590B98EB39B}
		{CF8C6FC6-78D8-4480-8B5D-A0DB2B551350} = {827E0CD3-B72D-47B6-A68D-7590B98EB39B}
		{D9CAEE91-97ED-4A8E-82A0-B6BE01B33D20} = {827E0CD3-B72D-47B6-A68D-7590B98EB39B}
		{9A61AA31-C513-43C2-AA50-16849A17798E} = {0AB3BF05-4346-4AA6-1389-037BE0695223}
	EndGlobalSection
EndGlobal
